
Microsoft Visual Studio Solution File, Format Version 12.00
# Visual Studio 15
VisualStudioVersion = 15.0.28307.1231
MinimumVisualStudioVersion = 10.0.40219.1
Project("{FAE04EC0-301F-11D3-BF4B-00C04F79EFBC}") = "Sanitizer", "Sanitizer\Sanitizer.csproj", "{BDDBE84D-40F2-4B42-93BD-90A4219FD476}"
EndProject
Global
	GlobalSection(SolutionConfigurationPlatforms) = preSolution
		Debug|Any CPU = Debug|Any CPU
		Release|Any CPU = Release|Any CPU
	EndGlobalSection
	GlobalSection(ProjectConfigurationPlatforms) = postSolution
		{BDDBE84D-40F2-4B42-93BD-90A4219FD476}.Debug|Any CPU.ActiveCfg = Debug|Any CPU
		{BDDBE84D-40F2-4B42-93BD-90A4219FD476}.Debug|Any CPU.Build.0 = Debug|Any CPU
		{BDDBE84D-40F2-4B42-93BD-90A4219FD476}.Release|Any CPU.ActiveCfg = Release|Any CPU
		{BDDBE84D-40F2-4B42-93BD-90A4219FD476}.Release|Any CPU.Build.0 = Release|Any CPU
	EndGlobalSection
	GlobalSection(SolutionProperties) = preSolution
		HideSolutionNode = FALSE
	EndGlobalSection
	GlobalSection(ExtensibilityGlobals) = postSolution
		SolutionGuid = {72137F24-EC41-4AAB-BAD6-1A1F380AD18A}
	EndGlobalSection
EndGlobal
